<?xml version="1.0" encoding="UTF-8" standalone="yes" ?>
<CodeBlocks_project_file>
	<FileVersion major="1" minor="6" />
	<Project>
		<Option title="OK" />
		<Option pch_mode="2" />
		<Option compiler="gcc" />
		<Build>
			<Target title="Debug">
				<Option output="bin/Debug/OK" prefix_auto="1" extension_auto="1" />
				<Option object_output="obj/Debug/" />
				<Option type="1" />
				<Option compiler="gcc" />
				<Compiler>
					<Add option="-g" />
				</Compiler>
			</Target>
		</Build>
		<Compiler>
			<Add option="-Wall" />
			<Add option="-fexceptions" />
		</Compiler>
		<Unit filename="OK.cbp" />
		<Unit filename="OK.layout" />
		<Unit filename="config.h" />
		<Unit filename="generations.cpp" />
		<Unit filename="generations.h" />
		<Unit filename="generator.h" />
		<Unit filename="instance.cpp" />
		<Unit filename="instance.h" />
		<Unit filename="machine.cpp" />
		<Unit filename="machine.h" />
		<Unit filename="main.cpp" />
		<Unit filename="maitenance.cpp" />
		<Unit filename="maitenance.h" />
		<Unit filename="order.cpp" />
		<Unit filename="order.h" />
		<Unit filename="task.cpp" />
		<Unit filename="task.h" />
		<Extensions>
			<code_completion />
			<envvars />
			<debugger />
			<lib_finder disable_auto="1" />
		</Extensions>
	</Project>
</CodeBlocks_project_file>
